
Microsoft Visual Studio Solution File, Format Version 12.00
# Visual Studio 15
VisualStudioVersion = 15.0.28307.438
MinimumVisualStudioVersion = 10.0.40219.1
Project("{FAE04EC0-301F-11D3-BF4B-00C04F79EFBC}") = "UsandoCookies", "UsandoCookies\UsandoCookies.csproj", "{C85C9AA7-8A0C-4DBA-9CA4-CE1B96C53BA4}"
EndProject
Global
	GlobalSection(SolutionConfigurationPlatforms) = preSolution
		Debug|Any CPU = Debug|Any CPU
		Release|Any CPU = Release|Any CPU
	EndGlobalSection
	GlobalSection(ProjectConfigurationPlatforms) = postSolution
		{C85C9AA7-8A0C-4DBA-9CA4-CE1B96C53BA4}.Debug|Any CPU.ActiveCfg = Debug|Any CPU
		{C85C9AA7-8A0C-4DBA-9CA4-CE1B96C53BA4}.Debug|Any CPU.Build.0 = Debug|Any CPU
		{C85C9AA7-8A0C-4DBA-9CA4-CE1B96C53BA4}.Release|Any CPU.ActiveCfg = Release|Any CPU
		{C85C9AA7-8A0C-4DBA-9CA4-CE1B96C53BA4}.Release|Any CPU.Build.0 = Release|Any CPU
	EndGlobalSection
	GlobalSection(SolutionProperties) = preSolution
		HideSolutionNode = FALSE
	EndGlobalSection
	GlobalSection(ExtensibilityGlobals) = postSolution
		SolutionGuid = {B9E87320-B7C7-483F-B580-55E620E01901}
	EndGlobalSection
EndGlobal
